Microsoft Visual Studio Solution File, Format Version 11.00
# Visual Studio 2008

Project("{C258FEF4-B303-717A-5DB3-877BA08885DE}") = "CubeFallProject", "Assembly-CSharp.csproj", "{CD91E3BA-C66A-1ABF-A9F8-5449144A19B7}"
EndProject
Global
	GlobalSection(SolutionConfigurationPlatforms) = preSolution
		Debug|Any CPU = Debug|Any CPU
		Release|Any CPU = Release|Any CPU
	EndGlobalSection
	GlobalSection(ProjectConfigurationPlatforms) = postSolution
		{CD91E3BA-C66A-1ABF-A9F8-5449144A19B7}.Debug|Any CPU.ActiveCfg = Debug|Any CPU
		{CD91E3BA-C66A-1ABF-A9F8-5449144A19B7}.Debug|Any CPU.Build.0 = Debug|Any CPU
		{CD91E3BA-C66A-1ABF-A9F8-5449144A19B7}.Release|Any CPU.ActiveCfg = Release|Any CPU
		{CD91E3BA-C66A-1ABF-A9F8-5449144A19B7}.Release|Any CPU.Build.0 = Release|Any CPU
	EndGlobalSection
	GlobalSection(SolutionProperties) = preSolution
		HideSolutionNode = FALSE
	EndGlobalSection
	GlobalSection(MonoDevelopProperties) = preSolution
		StartupItem = Assembly-CSharp.csproj
	EndGlobalSection
EndGlobal
